// !$*UTF8*$!
{
	archiveVersion = 1;
	classes = {
	};
	objectVersion = 46;
	objects = {

/* Begin PBXBuildFile section */
		3246F44E192B2A3F0021B8F8 /* Foundation.framework in Frameworks */ = {isa = PBXBuildFile; fileRef = 3246F44D192B2A3F0021B8F8 /* Foundation.framework */; };
		3246F450192B2A3F0021B8F8 /* CoreGraphics.framework in Frameworks */ = {isa = PBXBuildFile; fileRef = 3246F44F192B2A3F0021B8F8 /* CoreGraphics.framework */; };
		3246F452192B2A3F0021B8F8 /* UIKit.framework in Frameworks */ = {isa = PBXBuildFile; fileRef = 3246F451192B2A3F0021B8F8 /* UIKit.framework */; };
		3246F454192B2A3F0021B8F8 /* CoreData.framework in Frameworks */ = {isa = PBXBuildFile; fileRef = 3246F453192B2A3F0021B8F8 /* CoreData.framework */; };
		3246F45A192B2A3F0021B8F8 /* InfoPlist.strings in Resources */ = {isa = PBXBuildFile; fileRef = 3246F458192B2A3F0021B8F8 /* InfoPlist.strings */; };
		3246F45C192B2A3F0021B8F8 /* main.m in Sources */ = {isa = PBXBuildFile; fileRef = 3246F45B192B2A3F0021B8F8 /* main.m */; };
		3246F460192B2A3F0021B8F8 /* AppDelegate.m in Sources */ = {isa = PBXBuildFile; fileRef = 3246F45F192B2A3F0021B8F8 /* AppDelegate.m */; };
		3246F463192B2A3F0021B8F8 /* Pos_UI.xcdatamodeld in Sources */ = {isa = PBXBuildFile; fileRef = 3246F461192B2A3F0021B8F8 /* Pos_UI.xcdatamodeld */; };
		3246F465192B2A3F0021B8F8 /* Images.xcassets in Resources */ = {isa = PBXBuildFile; fileRef = 3246F464192B2A3F0021B8F8 /* Images.xcassets */; };
		3246F46C192B2A3F0021B8F8 /* XCTest.framework in Frameworks */ = {isa = PBXBuildFile; fileRef = 3246F46B192B2A3F0021B8F8 /* XCTest.framework */; };
		3246F46D192B2A3F0021B8F8 /* Foundation.framework in Frameworks */ = {isa = PBXBuildFile; fileRef = 3246F44D192B2A3F0021B8F8 /* Foundation.framework */; };
		3246F46E192B2A3F0021B8F8 /* UIKit.framework in Frameworks */ = {isa = PBXBuildFile; fileRef = 3246F451192B2A3F0021B8F8 /* UIKit.framework */; };
		3246F46F192B2A3F0021B8F8 /* CoreData.framework in Frameworks */ = {isa = PBXBuildFile; fileRef = 3246F453192B2A3F0021B8F8 /* CoreData.framework */; };
		3246F477192B2A3F0021B8F8 /* InfoPlist.strings in Resources */ = {isa = PBXBuildFile; fileRef = 3246F475192B2A3F0021B8F8 /* InfoPlist.strings */; };
		3246F479192B2A3F0021B8F8 /* Pos_UITests.m in Sources */ = {isa = PBXBuildFile; fileRef = 3246F478192B2A3F0021B8F8 /* Pos_UITests.m */; };
/* End PBXBuildFile section */

/* Begin PBXContainerItemProxy section */
		3246F470192B2A3F0021B8F8 /* PBXContainerItemProxy */ = {
			isa = PBXContainerItemProxy;
			containerPortal = 3246F442192B2A3F0021B8F8 /* Project object */;
			proxyType = 1;
			remoteGlobalIDString = 3246F449192B2A3F0021B8F8;
			remoteInfo = Pos_UI;
		};
/* End PBXContainerItemProxy section */

/* Begin PBXFileReference section */
		3246F44A192B2A3F0021B8F8 /* Pos_UI.app */ = {isa = PBXFileReference; explicitFileType = wrapper.application; includeInIndex = 0; path = Pos_UI.app; sourceTree = BUILT_PRODUCTS_DIR; };
		3246F44D192B2A3F0021B8F8 /* Foundation.framework */ = {isa = PBXFileReference; lastKnownFileType = wrapper.framework; name = Foundation.framework; path = System/Library/Frameworks/Foundation.framework; sourceTree = SDKROOT; };
		3246F44F192B2A3F0021B8F8 /* CoreGraphics.framework */ = {isa = PBXFileReference; lastKnownFileType = wrapper.framework; name = CoreGraphics.framework; path = System/Library/Frameworks/CoreGraphics.framework; sourceTree = SDKROOT; };
		3246F451192B2A3F0021B8F8 /* UIKit.framework */ = {isa = PBXFileReference; lastKnownFileType = wrapper.framework; name = UIKit.framework; path = System/Library/Frameworks/UIKit.framework; sourceTree = SDKROOT; };
		3246F453192B2A3F0021B8F8 /* CoreData.framework */ = {isa = PBXFileReference; lastKnownFileType = wrapper.framework; name = CoreData.framework; path = System/Library/Frameworks/CoreData.framework; sourceTree = SDKROOT; };
		3246F457192B2A3F0021B8F8 /* Pos_UI-Info.plist */ = {isa = PBXFileReference; lastKnownFileType = text.plist.xml; path = "Pos_UI-Info.plist"; sourceTree = "<group>"; };
		3246F459192B2A3F0021B8F8 /* en */ = {isa = PBXFileReference; lastKnownFileType = text.plist.strings; name = en; path = en.lproj/InfoPlist.strings; sourceTree = "<group>"; };
		3246F45B192B2A3F0021B8F8 /* main.m */ = {isa = PBXFileReference; lastKnownFileType = sourcecode.c.objc; path = main.m; sourceTree = "<group>"; };
		3246F45D192B2A3F0021B8F8 /* Pos_UI-Prefix.pch */ = {isa = PBXFileReference; lastKnownFileType = sourcecode.c.h; path = "Pos_UI-Prefix.pch"; sourceTree = "<group>"; };
		3246F45E192B2A3F0021B8F8 /* AppDelegate.h */ = {isa = PBXFileReference; lastKnownFileType = sourcecode.c.h; path = AppDelegate.h; sourceTree = "<group>"; };
		3246F45F192B2A3F0021B8F8 /* AppDelegate.m */ = {isa = PBXFileReference; lastKnownFileType = sourcecode.c.objc; path = AppDelegate.m; sourceTree = "<group>"; };
		3246F462192B2A3F0021B8F8 /* Pos_UI.xcdatamodel */ = {isa = PBXFileReference; lastKnownFileType = wrapper.xcdatamodel; path = Pos_UI.xcdatamodel; sourceTree = "<group>"; };
		3246F464192B2A3F0021B8F8 /* Images.xcassets */ = {isa = PBXFileReference; lastKnownFileType = folder.assetcatalog; path = Images.xcassets; sourceTree = "<group>"; };
		3246F46A192B2A3F0021B8F8 /* Pos_UITests.xctest */ = {isa = PBXFileReference; explicitFileType = wrapper.cfbundle; includeInIndex = 0; path = Pos_UITests.xctest; sourceTree = BUILT_PRODUCTS_DIR; };
		3246F46B192B2A3F0021B8F8 /* XCTest.framework */ = {isa = PBXFileReference; lastKnownFileType = wrapper.framework; name = XCTest.framework; path = Library/Frameworks/XCTest.framework; sourceTree = DEVELOPER_DIR; };
		3246F474192B2A3F0021B8F8 /* Pos_UITests-Info.plist */ = {isa = PBXFileReference; lastKnownFileType = text.plist.xml; path = "Pos_UITests-Info.plist"; sourceTree = "<group>"; };
		3246F476192B2A3F0021B8F8 /* en */ = {isa = PBXFileReference; lastKnownFileType = text.plist.strings; name = en; path = en.lproj/InfoPlist.strings; sourceTree = "<group>"; };
		3246F478192B2A3F0021B8F8 /* Pos_UITests.m */ = {isa = PBXFileReference; lastKnownFileType = sourcecode.c.objc; path = Pos_UITests.m; sourceTree = "<group>"; };
/* End PBXFileReference section */

/* Begin PBXFrameworksBuildPhase section */
		3246F447192B2A3F0021B8F8 /* Frameworks */ = {
			isa = PBXFrameworksBuildPhase;
			buildActionMask = 2147483647;
			files = (
				3246F450192B2A3F0021B8F8 /* CoreGraphics.framework in Frameworks */,
				3246F454192B2A3F0021B8F8 /* CoreData.framework in Frameworks */,
				3246F452192B2A3F0021B8F8 /* UIKit.framework in Frameworks */,
				3246F44E192B2A3F0021B8F8 /* Foundation.framework in Frameworks */,
			);
			runOnlyForDeploymentPostprocessing = 0;
		};
		3246F467192B2A3F0021B8F8 /* Frameworks */ = {
			isa = PBXFrameworksBuildPhase;
			buildActionMask = 2147483647;
			files = (
				3246F46C192B2A3F0021B8F8 /* XCTest.framework in Frameworks */,
				3246F46F192B2A3F0021B8F8 /* CoreData.framework in Frameworks */,
				3246F46E192B2A3F0021B8F8 /* UIKit.framework in Frameworks */,
				3246F46D192B2A3F0021B8F8 /* Foundation.framework in Frameworks */,
			);
			runOnlyForDeploymentPostprocessing = 0;
		};
/* End PBXFrameworksBuildPhase section */

/* Begin PBXGroup section */
		3246F441192B2A3F0021B8F8 = {
			isa = PBXGroup;
			children = (
				3246F455192B2A3F0021B8F8 /* Pos_UI */,
				3246F472192B2A3F0021B8F8 /* Pos_UITests */,
				3246F44C192B2A3F0021B8F8 /* Frameworks */,
				3246F44B192B2A3F0021B8F8 /* Products */,
			);
			sourceTree = "<group>";
		};
		3246F44B192B2A3F0021B8F8 /* Products */ = {
			isa = PBXGroup;
			children = (
				3246F44A192B2A3F0021B8F8 /* Pos_UI.app */,
				3246F46A192B2A3F0021B8F8 /* Pos_UITests.xctest */,
			);
			name = Products;
			sourceTree = "<group>";
		};
		3246F44C192B2A3F0021B8F8 /* Frameworks */ = {
			isa = PBXGroup;
			children = (
				3246F44D192B2A3F0021B8F8 /* Foundation.framework */,
				3246F44F192B2A3F0021B8F8 /* CoreGraphics.framework */,
				3246F451192B2A3F0021B8F8 /* UIKit.framework */,
				3246F453192B2A3F0021B8F8 /* CoreData.framework */,
				3246F46B192B2A3F0021B8F8 /* XCTest.framework */,
			);
			name = Frameworks;
			sourceTree = "<group>";
		};
		3246F455192B2A3F0021B8F8 /* Pos_UI */ = {
			isa = PBXGroup;
			children = (
				3246F45E192B2A3F0021B8F8 /* AppDelegate.h */,
				3246F45F192B2A3F0021B8F8 /* AppDelegate.m */,
				3246F464192B2A3F0021B8F8 /* Images.xcassets */,
				3246F461192B2A3F0021B8F8 /* Pos_UI.xcdatamodeld */,
				3246F456192B2A3F0021B8F8 /* Supporting Files */,
			);
			path = Pos_UI;
			sourceTree = "<group>";
		};
		3246F456192B2A3F0021B8F8 /* Supporting Files */ = {
			isa = PBXGroup;
			children = (
				3246F457192B2A3F0021B8F8 /* Pos_UI-Info.plist */,
				3246F458192B2A3F0021B8F8 /* InfoPlist.strings */,
				3246F45B192B2A3F0021B8F8 /* main.m */,
				3246F45D192B2A3F0021B8F8 /* Pos_UI-Prefix.pch */,
			);
			name = "Supporting Files";
			sourceTree = "<group>";
		};
		3246F472192B2A3F0021B8F8 /* Pos_UITests */ = {
			isa = PBXGroup;
			children = (
				3246F478192B2A3F0021B8F8 /* Pos_UITests.m */,
				3246F473192B2A3F0021B8F8 /* Supporting Files */,
			);
			path = Pos_UITests;
			sourceTree = "<group>";
		};
		3246F473192B2A3F0021B8F8 /* Supporting Files */ = {
			isa = PBXGroup;
			children = (
				3246F474192B2A3F0021B8F8 /* Pos_UITests-Info.plist */,
				3246F475192B2A3F0021B8F8 /* InfoPlist.strings */,
			);
			name = "Supporting Files";
			sourceTree = "<group>";
		};
/* End PBXGroup section */

/* Begin PBXNativeTarget section */
		3246F449192B2A3F0021B8F8 /* Pos_UI */ = {
			isa = PBXNativeTarget;
			buildConfigurationList = 3246F47C192B2A3F0021B8F8 /* Build configuration list for PBXNativeTarget "Pos_UI" */;
			buildPhases = (
				3246F446192B2A3F0021B8F8 /* Sources */,
				3246F447192B2A3F0021B8F8 /* Frameworks */,
				3246F448192B2A3F0021B8F8 /* Resources */,
			);
			buildRules = (
			);
			dependencies = (
			);
			name = Pos_UI;
			productName = Pos_UI;
			productReference = 3246F44A192B2A3F0021B8F8 /* Pos_UI.app */;
			productType = "com.apple.product-type.application";
		};
		3246F469192B2A3F0021B8F8 /* Pos_UITests */ = {
			isa = PBXNativeTarget;
			buildConfigurationList = 3246F47F192B2A3F0021B8F8 /* Build configuration list for PBXNativeTarget "Pos_UITests" */;
			buildPhases = (
				3246F466192B2A3F0021B8F8 /* Sources */,
				3246F467192B2A3F0021B8F8 /* Frameworks */,
				3246F468192B2A3F0021B8F8 /* Resources */,
			);
			buildRules = (
			);
			dependencies = (
				3246F471192B2A3F0021B8F8 /* PBXTargetDependency */,
			);
			name = Pos_UITests;
			productName = Pos_UITests;
			productReference = 3246F46A192B2A3F0021B8F8 /* Pos_UITests.xctest */;
			productType = "com.apple.product-type.bundle.unit-test";
		};
/* End PBXNativeTarget section */

/* Begin PBXProject section */
		3246F442192B2A3F0021B8F8 /* Project object */ = {
			isa = PBXProject;
			attributes = {
				LastUpgradeCheck = 0510;
				ORGANIZATIONNAME = "周健";
				TargetAttributes = {
					3246F469192B2A3F0021B8F8 = {
						TestTargetID = 3246F449192B2A3F0021B8F8;
					};
				};
			};
			buildConfigurationList = 3246F445192B2A3F0021B8F8 /* Build configuration list for PBXProject "Pos_UI" */;
			compatibilityVersion = "Xcode 3.2";
			developmentRegion = English;
			hasScannedForEncodings = 0;
			knownRegions = (
				en,
			);
			mainGroup = 3246F441192B2A3F0021B8F8;
			productRefGroup = 3246F44B192B2A3F0021B8F8 /* Products */;
			projectDirPath = "";
			projectRoot = "";
			targets = (
				3246F449192B2A3F0021B8F8 /* Pos_UI */,
				3246F469192B2A3F0021B8F8 /* Pos_UITests */,
			);
		};
/* End PBXProject section */

/* Begin PBXResourcesBuildPhase section */
		3246F448192B2A3F0021B8F8 /* Resources */ = {
			isa = PBXResourcesBuildPhase;
			buildActionMask = 2147483647;
			files = (
				3246F45A192B2A3F0021B8F8 /* InfoPlist.strings in Resources */,
				3246F465192B2A3F0021B8F8 /* Images.xcassets in Resources */,
			);
			runOnlyForDeploymentPostprocessing = 0;
		};
		3246F468192B2A3F0021B8F8 /* Resources */ = {
			isa = PBXResourcesBuildPhase;
			buildActionMask = 2147483647;
			files = (
				3246F477192B2A3F0021B8F8 /* InfoPlist.strings in Resources */,
			);
			runOnlyForDeploymentPostprocessing = 0;
		};
/* End PBXResourcesBuildPhase section */

/* Begin PBXSourcesBuildPhase section */
		3246F446192B2A3F0021B8F8 /* Sources */ = {
			isa = PBXSourcesBuildPhase;
			buildActionMask = 2147483647;
			files = (
				3246F460192B2A3F0021B8F8 /* AppDelegate.m in Sources */,
				3246F463192B2A3F0021B8F8 /* Pos_UI.xcdatamodeld in Sources */,
				3246F45C192B2A3F0021B8F8 /* main.m in Sources */,
			);
			runOnlyForDeploymentPostprocessing = 0;
		};
		3246F466192B2A3F0021B8F8 /* Sources */ = {
			isa = PBXSourcesBuildPhase;
			buildActionMask = 2147483647;
			files = (
				3246F479192B2A3F0021B8F8 /* Pos_UITests.m in Sources */,
			);
			runOnlyForDeploymentPostprocessing = 0;
		};
/* End PBXSourcesBuildPhase section */

/* Begin PBXTargetDependency section */
		3246F471192B2A3F0021B8F8 /* PBXTargetDependency */ = {
			isa = PBXTargetDependency;
			target = 3246F449192B2A3F0021B8F8 /* Pos_UI */;
			targetProxy = 3246F470192B2A3F0021B8F8 /* PBXContainerItemProxy */;
		};
/* End PBXTargetDependency section */

/* Begin PBXVariantGroup section */
		3246F458192B2A3F0021B8F8 /* InfoPlist.strings */ = {
			isa = PBXVariantGroup;
			children = (
				3246F459192B2A3F0021B8F8 /* en */,
			);
			name = InfoPlist.strings;
			sourceTree = "<group>";
		};
		3246F475192B2A3F0021B8F8 /* InfoPlist.strings */ = {
			isa = PBXVariantGroup;
			children = (
				3246F476192B2A3F0021B8F8 /* en */,
			);
			name = InfoPlist.strings;
			sourceTree = "<group>";
		};
/* End PBXVariantGroup section */

/* Begin XCBuildConfiguration section */
		3246F47A192B2A3F0021B8F8 /* Debug */ = {
			isa = XCBuildConfiguration;
			buildSettings = {
				ALWAYS_SEARCH_USER_PATHS = NO;
				CLANG_CXX_LANGUAGE_STANDARD = "gnu++0x";
				CLANG_CXX_LIBRARY = "libc++";
				CLANG_ENABLE_MODULES = YES;
				CLANG_ENABLE_OBJC_ARC = YES;
				CLANG_WARN_BOOL_CONVERSION = YES;
				CLANG_WARN_CONSTANT_CONVERSION = YES;
				CLANG_WARN_DIRECT_OBJC_ISA_USAGE = YES_ERROR;
				CLANG_WARN_EMPTY_BODY = YES;
				CLANG_WARN_ENUM_CONVERSION = YES;
				CLANG_WARN_INT_CONVERSION = YES;
				CLANG_WARN_OBJC_ROOT_CLASS = YES_ERROR;
				CLANG_WARN__DUPLICATE_METHOD_MATCH = YES;
				"CODE_SIGN_IDENTITY[sdk=iphoneos*]" = "iPhone Developer";
				COPY_PHASE_STRIP = NO;
				GCC_C_LANGUAGE_STANDARD = gnu99;
				GCC_DYNAMIC_NO_PIC = NO;
				GCC_OPTIMIZATION_LEVEL = 0;
				GCC_PREPROCESSOR_DEFINITIONS = (
					"DEBUG=1",
					"$(inherited)",
				);
				GCC_SYMBOLS_PRIVATE_EXTERN = NO;
				GCC_WARN_64_TO_32_BIT_CONVERSION = YES;
				GCC_WARN_ABOUT_RETURN_TYPE = YES_ERROR;
				GCC_WARN_UNDECLARED_SELECTOR = YES;
				GCC_WARN_UNINITIALIZED_AUTOS = YES_AGGRESSIVE;
				GCC_WARN_UNUSED_FUNCTION = YES;
				GCC_WARN_UNUSED_VARIABLE = YES;
				IPHONEOS_DEPLOYMENT_TARGET = 7.1;
				ONLY_ACTIVE_ARCH = YES;
				SDKROOT = iphoneos;
				TARGETED_DEVICE_FAMILY = 2;
			};
			name = Debug;
		};
		3246F47B192B2A3F0021B8F8 /* Release */ = {
			isa = XCBuildConfiguration;
			buildSettings = {
				ALWAYS_SEARCH_USER_PATHS = NO;
				CLANG_CXX_LANGUAGE_STANDARD = "gnu++0x";
				CLANG_CXX_LIBRARY = "libc++";
				CLANG_ENABLE_MODULES = YES;
				CLANG_ENABLE_OBJC_ARC = YES;
				CLANG_WARN_BOOL_CONVERSION = YES;
				CLANG_WARN_CONSTANT_CONVERSION = YES;
				CLANG_WARN_DIRECT_OBJC_ISA_USAGE = YES_ERROR;
				CLANG_WARN_EMPTY_BODY = YES;
				CLANG_WARN_ENUM_CONVERSION = YES;
				CLANG_WARN_INT_CONVERSION = YES;
				CLANG_WARN_OBJC_ROOT_CLASS = YES_ERROR;
				CLANG_WARN__DUPLICATE_METHOD_MATCH = YES;
				"CODE_SIGN_IDENTITY[sdk=iphoneos*]" = "iPhone Developer";
				COPY_PHASE_STRIP = YES;
				ENABLE_NS_ASSERTIONS = NO;
				GCC_C_LANGUAGE_STANDARD = gnu99;
				GCC_WARN_64_TO_32_BIT_CONVERSION = YES;
				GCC_WARN_ABOUT_RETURN_TYPE = YES_ERROR;
				GCC_WARN_UNDECLARED_SELECTOR = YES;
				GCC_WARN_UNINITIALIZED_AUTOS = YES_AGGRESSIVE;
				GCC_WARN_UNUSED_FUNCTION = YES;
				GCC_WARN_UNUSED_VARIABLE = YES;
				IPHONEOS_DEPLOYMENT_TARGET = 7.1;
				SDKROOT = iphoneos;
				TARGETED_DEVICE_FAMILY = 2;
				VALIDATE_PRODUCT = YES;
			};
			name = Release;
		};
		3246F47D192B2A3F0021B8F8 /* Debug */ = {
			isa = XCBuildConfiguration;
			buildSettings = {
				ASSETCATALOG_COMPILER_APPICON_NAME = AppIcon;
				ASSETCATALOG_COMPILER_LAUNCHIMAGE_NAME = LaunchImage;
				GCC_PRECOMPILE_PREFIX_HEADER = YES;
				GCC_PREFIX_HEADER = "Pos_UI/Pos_UI-Prefix.pch";
				INFOPLIST_FILE = "Pos_UI/Pos_UI-Info.plist";
				PRODUCT_NAME = "$(TARGET_NAME)";
				WRAPPER_EXTENSION = app;
			};
			name = Debug;
		};
		3246F47E192B2A3F0021B8F8 /* Release */ = {
			isa = XCBuildConfiguration;
			buildSettings = {
				ASSETCATALOG_COMPILER_APPICON_NAME = AppIcon;
				ASSETCATALOG_COMPILER_LAUNCHIMAGE_NAME = LaunchImage;
				GCC_PRECOMPILE_PREFIX_HEADER = YES;
				GCC_PREFIX_HEADER = "Pos_UI/Pos_UI-Prefix.pch";
				INFOPLIST_FILE = "Pos_UI/Pos_UI-Info.plist";
				PRODUCT_NAME = "$(TARGET_NAME)";
				WRAPPER_EXTENSION = app;
			};
			name = Release;
		};
		3246F480192B2A3F0021B8F8 /* Debug */ = {
			isa = XCBuildConfiguration;
			buildSettings = {
				BUNDLE_LOADER = "$(BUILT_PRODUCTS_DIR)/Pos_UI.app/Pos_UI";
				FRAMEWORK_SEARCH_PATHS = (
					"$(SDKROOT)/Developer/Library/Frameworks",
					"$(inherited)",
					"$(DEVELOPER_FRAMEWORKS_DIR)",
				);
				GCC_PRECOMPILE_PREFIX_HEADER = YES;
				GCC_PREFIX_HEADER = "Pos_UI/Pos_UI-Prefix.pch";
				GCC_PREPROCESSOR_DEFINITIONS = (
					"DEBUG=1",
					"$(inherited)",
				);
				INFOPLIST_FILE = "Pos_UITests/Pos_UITests-Info.plist";
				PRODUCT_NAME = "$(TARGET_NAME)";
				TEST_HOST = "$(BUNDLE_LOADER)";
				WRAPPER_EXTENSION = xctest;
			};
			name = Debug;
		};
		3246F481192B2A3F0021B8F8 /* Release */ = {
			isa = XCBuildConfiguration;
			buildSettings = {
				BUNDLE_LOADER = "$(BUILT_PRODUCTS_DIR)/Pos_UI.app/Pos_UI";
				FRAMEWORK_SEARCH_PATHS = (
					"$(SDKROOT)/Developer/Library/Frameworks",
					"$(inherited)",
					"$(DEVELOPER_FRAMEWORKS_DIR)",
				);
				GCC_PRECOMPILE_PREFIX_HEADER = YES;
				GCC_PREFIX_HEADER = "Pos_UI/Pos_UI-Prefix.pch";
				INFOPLIST_FILE = "Pos_UITests/Pos_UITests-Info.plist";
				PRODUCT_NAME = "$(TARGET_NAME)";
				TEST_HOST = "$(BUNDLE_LOADER)";
				WRAPPER_EXTENSION = xctest;
			};
			name = Release;
		};
/* End XCBuildConfiguration section */

/* Begin XCConfigurationList section */
		3246F445192B2A3F0021B8F8 /* Build configuration list for PBXProject "Pos_UI" */ = {
			isa = XCConfigurationList;
			buildConfigurations = (
				3246F47A192B2A3F0021B8F8 /* Debug */,
				3246F47B192B2A3F0021B8F8 /* Release */,
			);
			defaultConfigurationIsVisible = 0;
			defaultConfigurationName = Release;
		};
		3246F47C192B2A3F0021B8F8 /* Build configuration list for PBXNativeTarget "Pos_UI" */ = {
			isa = XCConfigurationList;
			buildConfigurations = (
				3246F47D192B2A3F0021B8F8 /* Debug */,
				3246F47E192B2A3F0021B8F8 /* Release */,
			);
			defaultConfigurationIsVisible = 0;
		};
		3246F47F192B2A3F0021B8F8 /* Build configuration list for PBXNativeTarget "Pos_UITests" */ = {
			isa = XCConfigurationList;
			buildConfigurations = (
				3246F480192B2A3F0021B8F8 /* Debug */,
				3246F481192B2A3F0021B8F8 /* Release */,
			);
			defaultConfigurationIsVisible = 0;
		};
/* End XCConfigurationList section */

/* Begin XCVersionGroup section */
		3246F461192B2A3F0021B8F8 /* Pos_UI.xcdatamodeld */ = {
			isa = XCVersionGroup;
			children = (
				3246F462192B2A3F0021B8F8 /* Pos_UI.xcdatamodel */,
			);
			currentVersion = 3246F462192B2A3F0021B8F8 /* Pos_UI.xcdatamodel */;
			path = Pos_UI.xcdatamodeld;
			sourceTree = "<group>";
			versionGroupType = wrapper.xcdatamodel;
		};
/* End XCVersionGroup section */
	};
	rootObject = 3246F442192B2A3F0021B8F8 /* Project object */;
}
