// !$*UTF8*$!
{
	archiveVersion = 1;
	classes = {
	};
	objectVersion = 46;
	objects = {

/* Begin PBXBuildFile section */
		321E92411936C888002891EA /* KeyboardView.m in Sources */ = {isa = PBXBuildFile; fileRef = 321E92401936C888002891EA /* KeyboardView.m */; };
		3235F6661935D00400D5032C /* CashierView.m in Sources */ = {isa = PBXBuildFile; fileRef = 3235F6651935D00400D5032C /* CashierView.m */; };
		3246F44E192B2A3F0021B8F8 /* Foundation.framework in Frameworks */ = {isa = PBXBuildFile; fileRef = 3246F44D192B2A3F0021B8F8 /* Foundation.framework */; };
		3246F450192B2A3F0021B8F8 /* CoreGraphics.framework in Frameworks */ = {isa = PBXBuildFile; fileRef = 3246F44F192B2A3F0021B8F8 /* CoreGraphics.framework */; };
		3246F452192B2A3F0021B8F8 /* UIKit.framework in Frameworks */ = {isa = PBXBuildFile; fileRef = 3246F451192B2A3F0021B8F8 /* UIKit.framework */; };
		3246F454192B2A3F0021B8F8 /* CoreData.framework in Frameworks */ = {isa = PBXBuildFile; fileRef = 3246F453192B2A3F0021B8F8 /* CoreData.framework */; };
		3246F45A192B2A3F0021B8F8 /* InfoPlist.strings in Resources */ = {isa = PBXBuildFile; fileRef = 3246F458192B2A3F0021B8F8 /* InfoPlist.strings */; };
		3246F45C192B2A3F0021B8F8 /* main.m in Sources */ = {isa = PBXBuildFile; fileRef = 3246F45B192B2A3F0021B8F8 /* main.m */; };
		3246F460192B2A3F0021B8F8 /* AppDelegate.m in Sources */ = {isa = PBXBuildFile; fileRef = 3246F45F192B2A3F0021B8F8 /* AppDelegate.m */; };
		3246F463192B2A3F0021B8F8 /* Pos_UI.xcdatamodeld in Sources */ = {isa = PBXBuildFile; fileRef = 3246F461192B2A3F0021B8F8 /* Pos_UI.xcdatamodeld */; };
		3246F465192B2A3F0021B8F8 /* Images.xcassets in Resources */ = {isa = PBXBuildFile; fileRef = 3246F464192B2A3F0021B8F8 /* Images.xcassets */; };
		3246F46C192B2A3F0021B8F8 /* XCTest.framework in Frameworks */ = {isa = PBXBuildFile; fileRef = 3246F46B192B2A3F0021B8F8 /* XCTest.framework */; };
		3246F46D192B2A3F0021B8F8 /* Foundation.framework in Frameworks */ = {isa = PBXBuildFile; fileRef = 3246F44D192B2A3F0021B8F8 /* Foundation.framework */; };
		3246F46E192B2A3F0021B8F8 /* UIKit.framework in Frameworks */ = {isa = PBXBuildFile; fileRef = 3246F451192B2A3F0021B8F8 /* UIKit.framework */; };
		3246F46F192B2A3F0021B8F8 /* CoreData.framework in Frameworks */ = {isa = PBXBuildFile; fileRef = 3246F453192B2A3F0021B8F8 /* CoreData.framework */; };
		3246F477192B2A3F0021B8F8 /* InfoPlist.strings in Resources */ = {isa = PBXBuildFile; fileRef = 3246F475192B2A3F0021B8F8 /* InfoPlist.strings */; };
		3246F479192B2A3F0021B8F8 /* Pos_UITests.m in Sources */ = {isa = PBXBuildFile; fileRef = 3246F478192B2A3F0021B8F8 /* Pos_UITests.m */; };
		3246F485192B2B0A0021B8F8 /* LayoutViewController.m in Sources */ = {isa = PBXBuildFile; fileRef = 3246F483192B2B0A0021B8F8 /* LayoutViewController.m */; };
		3246F486192B2B0A0021B8F8 /* LayoutViewController.xib in Resources */ = {isa = PBXBuildFile; fileRef = 3246F484192B2B0A0021B8F8 /* LayoutViewController.xib */; };
		3246F49B192B9C1B0021B8F8 /* View.xib in Resources */ = {isa = PBXBuildFile; fileRef = 3246F49A192B9C1B0021B8F8 /* View.xib */; };
		328DFDE81935CBDF001EA850 /* CashierView.xib in Resources */ = {isa = PBXBuildFile; fileRef = 328DFDE71935CBDF001EA850 /* CashierView.xib */; };
		329DA5E919343DC9000FB9D5 /* NITableViewCellFactory.m in Sources */ = {isa = PBXBuildFile; fileRef = 329DA5E819343DC9000FB9D5 /* NITableViewCellFactory.m */; };
		329F5FC61936FE62003ABE2A /* CustomPlaceHolderUIView.m in Sources */ = {isa = PBXBuildFile; fileRef = 329F5FC51936FE62003ABE2A /* CustomPlaceHolderUIView.m */; };
		329F5FCC19371DA1003ABE2A /* MealOrderBill.m in Sources */ = {isa = PBXBuildFile; fileRef = 329F5FCB19371DA1003ABE2A /* MealOrderBill.m */; };
		32A1D8351933111E004589EA /* MealCell.m in Sources */ = {isa = PBXBuildFile; fileRef = 32A1D8341933111E004589EA /* MealCell.m */; };
		32A1D83719331135004589EA /* MealCell.xib in Resources */ = {isa = PBXBuildFile; fileRef = 32A1D83619331135004589EA /* MealCell.xib */; };
		32A90A5119359C380018DFB7 /* MealCategory.m in Sources */ = {isa = PBXBuildFile; fileRef = 32A90A5019359C380018DFB7 /* MealCategory.m */; };
		32A90A5319359C470018DFB7 /* MealCategory.xib in Resources */ = {isa = PBXBuildFile; fileRef = 32A90A5219359C470018DFB7 /* MealCategory.xib */; };
		32BC17F11934764C0032AF52 /* pinyin.c in Sources */ = {isa = PBXBuildFile; fileRef = 32BC17F01934764C0032AF52 /* pinyin.c */; };
		32BC17F4193479C90032AF52 /* PinyinHelper.m in Sources */ = {isa = PBXBuildFile; fileRef = 32BC17F3193479C90032AF52 /* PinyinHelper.m */; };
		32BC17F719349D520032AF52 /* NIMutableCollectionViewModel+Filter.m in Sources */ = {isa = PBXBuildFile; fileRef = 32BC17F619349D520032AF52 /* NIMutableCollectionViewModel+Filter.m */; };
		32F907D519342D2200163DEA /* MealOrderCell.m in Sources */ = {isa = PBXBuildFile; fileRef = 32F907D419342D2200163DEA /* MealOrderCell.m */; };
		32F907D719342D3E00163DEA /* MealOrderCell.xib in Resources */ = {isa = PBXBuildFile; fileRef = 32F907D619342D3E00163DEA /* MealOrderCell.xib */; };
		32FF558E1935C1D1002B3EA1 /* KeyboardView.xib in Resources */ = {isa = PBXBuildFile; fileRef = 32FF558D1935C1D1002B3EA1 /* KeyboardView.xib */; };
		4D4CB2F43B4444A98B26D809 /* libPods.a in Frameworks */ = {isa = PBXBuildFile; fileRef = BDA855218451490FB6439866 /* libPods.a */; };
/* End PBXBuildFile section */

/* Begin PBXContainerItemProxy section */
		3246F470192B2A3F0021B8F8 /* PBXContainerItemProxy */ = {
			isa = PBXContainerItemProxy;
			containerPortal = 3246F442192B2A3F0021B8F8 /* Project object */;
			proxyType = 1;
			remoteGlobalIDString = 3246F449192B2A3F0021B8F8;
			remoteInfo = Pos_UI;
		};
/* End PBXContainerItemProxy section */

/* Begin PBXFileReference section */
		321E923F1936C888002891EA /* KeyboardView.h */ = {isa = PBXFileReference; fileEncoding = 4; lastKnownFileType = sourcecode.c.h; path = KeyboardView.h; sourceTree = "<group>"; };
		321E92401936C888002891EA /* KeyboardView.m */ = {isa = PBXFileReference; fileEncoding = 4; lastKnownFileType = sourcecode.c.objc; path = KeyboardView.m; sourceTree = "<group>"; };
		3235F6641935D00400D5032C /* CashierView.h */ = {isa = PBXFileReference; fileEncoding = 4; lastKnownFileType = sourcecode.c.h; path = CashierView.h; sourceTree = "<group>"; };
		3235F6651935D00400D5032C /* CashierView.m */ = {isa = PBXFileReference; fileEncoding = 4; lastKnownFileType = sourcecode.c.objc; path = CashierView.m; sourceTree = "<group>"; };
		3246F44A192B2A3F0021B8F8 /* Pos_UI.app */ = {isa = PBXFileReference; explicitFileType = wrapper.application; includeInIndex = 0; path = Pos_UI.app; sourceTree = BUILT_PRODUCTS_DIR; };
		3246F44D192B2A3F0021B8F8 /* Foundation.framework */ = {isa = PBXFileReference; lastKnownFileType = wrapper.framework; name = Foundation.framework; path = System/Library/Frameworks/Foundation.framework; sourceTree = SDKROOT; };
		3246F44F192B2A3F0021B8F8 /* CoreGraphics.framework */ = {isa = PBXFileReference; lastKnownFileType = wrapper.framework; name = CoreGraphics.framework; path = System/Library/Frameworks/CoreGraphics.framework; sourceTree = SDKROOT; };
		3246F451192B2A3F0021B8F8 /* UIKit.framework */ = {isa = PBXFileReference; lastKnownFileType = wrapper.framework; name = UIKit.framework; path = System/Library/Frameworks/UIKit.framework; sourceTree = SDKROOT; };
		3246F453192B2A3F0021B8F8 /* CoreData.framework */ = {isa = PBXFileReference; lastKnownFileType = wrapper.framework; name = CoreData.framework; path = System/Library/Frameworks/CoreData.framework; sourceTree = SDKROOT; };
		3246F457192B2A3F0021B8F8 /* Pos_UI-Info.plist */ = {isa = PBXFileReference; lastKnownFileType = text.plist.xml; path = "Pos_UI-Info.plist"; sourceTree = "<group>"; };
		3246F459192B2A3F0021B8F8 /* en */ = {isa = PBXFileReference; lastKnownFileType = text.plist.strings; name = en; path = en.lproj/InfoPlist.strings; sourceTree = "<group>"; };
		3246F45B192B2A3F0021B8F8 /* main.m */ = {isa = PBXFileReference; lastKnownFileType = sourcecode.c.objc; path = main.m; sourceTree = "<group>"; };
		3246F45D192B2A3F0021B8F8 /* Pos_UI-Prefix.pch */ = {isa = PBXFileReference; lastKnownFileType = sourcecode.c.h; path = "Pos_UI-Prefix.pch"; sourceTree = "<group>"; };
		3246F45E192B2A3F0021B8F8 /* AppDelegate.h */ = {isa = PBXFileReference; lastKnownFileType = sourcecode.c.h; path = AppDelegate.h; sourceTree = "<group>"; };
		3246F45F192B2A3F0021B8F8 /* AppDelegate.m */ = {isa = PBXFileReference; lastKnownFileType = sourcecode.c.objc; path = AppDelegate.m; sourceTree = "<group>"; };
		3246F462192B2A3F0021B8F8 /* Pos_UI.xcdatamodel */ = {isa = PBXFileReference; lastKnownFileType = wrapper.xcdatamodel; path = Pos_UI.xcdatamodel; sourceTree = "<group>"; };
		3246F464192B2A3F0021B8F8 /* Images.xcassets */ = {isa = PBXFileReference; lastKnownFileType = folder.assetcatalog; path = Images.xcassets; sourceTree = "<group>"; };
		3246F46A192B2A3F0021B8F8 /* Pos_UITests.xctest */ = {isa = PBXFileReference; explicitFileType = wrapper.cfbundle; includeInIndex = 0; path = Pos_UITests.xctest; sourceTree = BUILT_PRODUCTS_DIR; };
		3246F46B192B2A3F0021B8F8 /* XCTest.framework */ = {isa = PBXFileReference; lastKnownFileType = wrapper.framework; name = XCTest.framework; path = Library/Frameworks/XCTest.framework; sourceTree = DEVELOPER_DIR; };
		3246F474192B2A3F0021B8F8 /* Pos_UITests-Info.plist */ = {isa = PBXFileReference; lastKnownFileType = text.plist.xml; path = "Pos_UITests-Info.plist"; sourceTree = "<group>"; };
		3246F476192B2A3F0021B8F8 /* en */ = {isa = PBXFileReference; lastKnownFileType = text.plist.strings; name = en; path = en.lproj/InfoPlist.strings; sourceTree = "<group>"; };
		3246F478192B2A3F0021B8F8 /* Pos_UITests.m */ = {isa = PBXFileReference; lastKnownFileType = sourcecode.c.objc; path = Pos_UITests.m; sourceTree = "<group>"; };
		3246F482192B2B0A0021B8F8 /* LayoutViewController.h */ = {isa = PBXFileReference; fileEncoding = 4; lastKnownFileType = sourcecode.c.h; path = LayoutViewController.h; sourceTree = "<group>"; };
		3246F483192B2B0A0021B8F8 /* LayoutViewController.m */ = {isa = PBXFileReference; fileEncoding = 4; lastKnownFileType = sourcecode.c.objc; path = LayoutViewController.m; sourceTree = "<group>"; };
		3246F484192B2B0A0021B8F8 /* LayoutViewController.xib */ = {isa = PBXFileReference; fileEncoding = 4; lastKnownFileType = file.xib; path = LayoutViewController.xib; sourceTree = "<group>"; };
		3246F49A192B9C1B0021B8F8 /* View.xib */ = {isa = PBXFileReference; fileEncoding = 4; lastKnownFileType = file.xib; path = View.xib; sourceTree = "<group>"; };
		328DFDE71935CBDF001EA850 /* CashierView.xib */ = {isa = PBXFileReference; fileEncoding = 4; lastKnownFileType = file.xib; path = CashierView.xib; sourceTree = "<group>"; };
		329DA5E719343DC9000FB9D5 /* NITableViewCellFactory.h */ = {isa = PBXFileReference; fileEncoding = 4; lastKnownFileType = sourcecode.c.h; path = NITableViewCellFactory.h; sourceTree = "<group>"; };
		329DA5E819343DC9000FB9D5 /* NITableViewCellFactory.m */ = {isa = PBXFileReference; fileEncoding = 4; lastKnownFileType = sourcecode.c.objc; path = NITableViewCellFactory.m; sourceTree = "<group>"; };
		329F5FC41936FE62003ABE2A /* CustomPlaceHolderUIView.h */ = {isa = PBXFileReference; fileEncoding = 4; lastKnownFileType = sourcecode.c.h; path = CustomPlaceHolderUIView.h; sourceTree = "<group>"; };
		329F5FC51936FE62003ABE2A /* CustomPlaceHolderUIView.m */ = {isa = PBXFileReference; fileEncoding = 4; lastKnownFileType = sourcecode.c.objc; path = CustomPlaceHolderUIView.m; sourceTree = "<group>"; };
		329F5FCA19371DA1003ABE2A /* MealOrderBill.h */ = {isa = PBXFileReference; fileEncoding = 4; lastKnownFileType = sourcecode.c.h; path = MealOrderBill.h; sourceTree = "<group>"; };
		329F5FCB19371DA1003ABE2A /* MealOrderBill.m */ = {isa = PBXFileReference; fileEncoding = 4; lastKnownFileType = sourcecode.c.objc; path = MealOrderBill.m; sourceTree = "<group>"; };
		32A1D8331933111E004589EA /* MealCell.h */ = {isa = PBXFileReference; fileEncoding = 4; lastKnownFileType = sourcecode.c.h; path = MealCell.h; sourceTree = "<group>"; };
		32A1D8341933111E004589EA /* MealCell.m */ = {isa = PBXFileReference; fileEncoding = 4; lastKnownFileType = sourcecode.c.objc; path = MealCell.m; sourceTree = "<group>"; };
		32A1D83619331135004589EA /* MealCell.xib */ = {isa = PBXFileReference; fileEncoding = 4; lastKnownFileType = file.xib; path = MealCell.xib; sourceTree = "<group>"; };
		32A90A4F19359C380018DFB7 /* MealCategory.h */ = {isa = PBXFileReference; fileEncoding = 4; lastKnownFileType = sourcecode.c.h; path = MealCategory.h; sourceTree = "<group>"; };
		32A90A5019359C380018DFB7 /* MealCategory.m */ = {isa = PBXFileReference; fileEncoding = 4; lastKnownFileType = sourcecode.c.objc; path = MealCategory.m; sourceTree = "<group>"; };
		32A90A5219359C470018DFB7 /* MealCategory.xib */ = {isa = PBXFileReference; fileEncoding = 4; lastKnownFileType = file.xib; path = MealCategory.xib; sourceTree = "<group>"; };
		32BC17EF193476350032AF52 /* pinyin.h */ = {isa = PBXFileReference; lastKnownFileType = sourcecode.c.h; path = pinyin.h; sourceTree = "<group>"; };
		32BC17F01934764C0032AF52 /* pinyin.c */ = {isa = PBXFileReference; fileEncoding = 4; lastKnownFileType = sourcecode.c.c; path = pinyin.c; sourceTree = "<group>"; };
		32BC17F2193479C90032AF52 /* PinyinHelper.h */ = {isa = PBXFileReference; fileEncoding = 4; lastKnownFileType = sourcecode.c.h; path = PinyinHelper.h; sourceTree = "<group>"; };
		32BC17F3193479C90032AF52 /* PinyinHelper.m */ = {isa = PBXFileReference; fileEncoding = 4; lastKnownFileType = sourcecode.c.objc; path = PinyinHelper.m; sourceTree = "<group>"; };
		32BC17F519349D520032AF52 /* NIMutableCollectionViewModel+Filter.h */ = {isa = PBXFileReference; fileEncoding = 4; lastKnownFileType = sourcecode.c.h; path = "NIMutableCollectionViewModel+Filter.h"; sourceTree = "<group>"; };
		32BC17F619349D520032AF52 /* NIMutableCollectionViewModel+Filter.m */ = {isa = PBXFileReference; fileEncoding = 4; lastKnownFileType = sourcecode.c.objc; path = "NIMutableCollectionViewModel+Filter.m"; sourceTree = "<group>"; };
		32F907D319342D2200163DEA /* MealOrderCell.h */ = {isa = PBXFileReference; fileEncoding = 4; lastKnownFileType = sourcecode.c.h; path = MealOrderCell.h; sourceTree = "<group>"; };
		32F907D419342D2200163DEA /* MealOrderCell.m */ = {isa = PBXFileReference; fileEncoding = 4; lastKnownFileType = sourcecode.c.objc; path = MealOrderCell.m; sourceTree = "<group>"; };
		32F907D619342D3E00163DEA /* MealOrderCell.xib */ = {isa = PBXFileReference; fileEncoding = 4; lastKnownFileType = file.xib; path = MealOrderCell.xib; sourceTree = "<group>"; };
		32FF558D1935C1D1002B3EA1 /* KeyboardView.xib */ = {isa = PBXFileReference; fileEncoding = 4; lastKnownFileType = file.xib; path = KeyboardView.xib; sourceTree = "<group>"; };
		BDA855218451490FB6439866 /* libPods.a */ = {isa = PBXFileReference; explicitFileType = archive.ar; includeInIndex = 0; path = libPods.a; sourceTree = BUILT_PRODUCTS_DIR; };
		F723B97F727C4E54A3793183 /* Pods.xcconfig */ = {isa = PBXFileReference; includeInIndex = 1; lastKnownFileType = text.xcconfig; name = Pods.xcconfig; path = Pods/Pods.xcconfig; sourceTree = "<group>"; };
/* End PBXFileReference section */

/* Begin PBXFrameworksBuildPhase section */
		3246F447192B2A3F0021B8F8 /* Frameworks */ = {
			isa = PBXFrameworksBuildPhase;
			buildActionMask = 2147483647;
			files = (
				3246F450192B2A3F0021B8F8 /* CoreGraphics.framework in Frameworks */,
				3246F454192B2A3F0021B8F8 /* CoreData.framework in Frameworks */,
				3246F452192B2A3F0021B8F8 /* UIKit.framework in Frameworks */,
				3246F44E192B2A3F0021B8F8 /* Foundation.framework in Frameworks */,
				4D4CB2F43B4444A98B26D809 /* libPods.a in Frameworks */,
			);
			runOnlyForDeploymentPostprocessing = 0;
		};
		3246F467192B2A3F0021B8F8 /* Frameworks */ = {
			isa = PBXFrameworksBuildPhase;
			buildActionMask = 2147483647;
			files = (
				3246F46C192B2A3F0021B8F8 /* XCTest.framework in Frameworks */,
				3246F46F192B2A3F0021B8F8 /* CoreData.framework in Frameworks */,
				3246F46E192B2A3F0021B8F8 /* UIKit.framework in Frameworks */,
				3246F46D192B2A3F0021B8F8 /* Foundation.framework in Frameworks */,
			);
			runOnlyForDeploymentPostprocessing = 0;
		};
/* End PBXFrameworksBuildPhase section */

/* Begin PBXGroup section */
		3219A4DD1932F50700F36508 /* Vendors */ = {
			isa = PBXGroup;
			children = (
				32BC17EB193475DB0032AF52 /* pinyin */,
			);
			name = Vendors;
			sourceTree = "<group>";
		};
		321E92451936DAF5002891EA /* XIB */ = {
			isa = PBXGroup;
			children = (
				328DFDE71935CBDF001EA850 /* CashierView.xib */,
				32FF558D1935C1D1002B3EA1 /* KeyboardView.xib */,
			);
			name = XIB;
			sourceTree = "<group>";
		};
		3246F441192B2A3F0021B8F8 = {
			isa = PBXGroup;
			children = (
				3246F455192B2A3F0021B8F8 /* Pos_UI */,
				3246F472192B2A3F0021B8F8 /* Pos_UITests */,
				3246F44C192B2A3F0021B8F8 /* Frameworks */,
				3246F44B192B2A3F0021B8F8 /* Products */,
				F723B97F727C4E54A3793183 /* Pods.xcconfig */,
			);
			sourceTree = "<group>";
		};
		3246F44B192B2A3F0021B8F8 /* Products */ = {
			isa = PBXGroup;
			children = (
				3246F44A192B2A3F0021B8F8 /* Pos_UI.app */,
				3246F46A192B2A3F0021B8F8 /* Pos_UITests.xctest */,
			);
			name = Products;
			sourceTree = "<group>";
		};
		3246F44C192B2A3F0021B8F8 /* Frameworks */ = {
			isa = PBXGroup;
			children = (
				3246F44D192B2A3F0021B8F8 /* Foundation.framework */,
				3246F44F192B2A3F0021B8F8 /* CoreGraphics.framework */,
				3246F451192B2A3F0021B8F8 /* UIKit.framework */,
				3246F453192B2A3F0021B8F8 /* CoreData.framework */,
				3246F46B192B2A3F0021B8F8 /* XCTest.framework */,
				BDA855218451490FB6439866 /* libPods.a */,
			);
			name = Frameworks;
			sourceTree = "<group>";
		};
		3246F455192B2A3F0021B8F8 /* Pos_UI */ = {
			isa = PBXGroup;
			children = (
				3246F48E192B402C0021B8F8 /* AppDelegate */,
				3246F48B192B3DF30021B8F8 /* Sections */,
				3246F487192B2C410021B8F8 /* Models */,
				3246F48C192B3FE70021B8F8 /* General */,
				3246F48D192B400E0021B8F8 /* Helpers */,
				3219A4DD1932F50700F36508 /* Vendors */,
				3246F456192B2A3F0021B8F8 /* Supporting Files */,
			);
			path = Pos_UI;
			sourceTree = "<group>";
		};
		3246F456192B2A3F0021B8F8 /* Supporting Files */ = {
			isa = PBXGroup;
			children = (
				3246F48F192B405C0021B8F8 /* Resource */,
				3246F457192B2A3F0021B8F8 /* Pos_UI-Info.plist */,
				3246F458192B2A3F0021B8F8 /* InfoPlist.strings */,
				3246F45B192B2A3F0021B8F8 /* main.m */,
				3246F45D192B2A3F0021B8F8 /* Pos_UI-Prefix.pch */,
			);
			name = "Supporting Files";
			sourceTree = "<group>";
		};
		3246F472192B2A3F0021B8F8 /* Pos_UITests */ = {
			isa = PBXGroup;
			children = (
				3246F478192B2A3F0021B8F8 /* Pos_UITests.m */,
				3246F473192B2A3F0021B8F8 /* Supporting Files */,
			);
			path = Pos_UITests;
			sourceTree = "<group>";
		};
		3246F473192B2A3F0021B8F8 /* Supporting Files */ = {
			isa = PBXGroup;
			children = (
				3246F474192B2A3F0021B8F8 /* Pos_UITests-Info.plist */,
				3246F475192B2A3F0021B8F8 /* InfoPlist.strings */,
			);
			name = "Supporting Files";
			sourceTree = "<group>";
		};
		3246F487192B2C410021B8F8 /* Models */ = {
			isa = PBXGroup;
			children = (
				329DA5E619343D79000FB9D5 /* Factory */,
				3246F461192B2A3F0021B8F8 /* Pos_UI.xcdatamodeld */,
				329F5FCA19371DA1003ABE2A /* MealOrderBill.h */,
				329F5FCB19371DA1003ABE2A /* MealOrderBill.m */,
			);
			name = Models;
			sourceTree = "<group>";
		};
		3246F48B192B3DF30021B8F8 /* Sections */ = {
			isa = PBXGroup;
			children = (
				3246F490192B40C30021B8F8 /* XIB */,
				3246F482192B2B0A0021B8F8 /* LayoutViewController.h */,
				3246F483192B2B0A0021B8F8 /* LayoutViewController.m */,
				3246F49A192B9C1B0021B8F8 /* View.xib */,
				32A1D8331933111E004589EA /* MealCell.h */,
				32A1D8341933111E004589EA /* MealCell.m */,
				32A1D83619331135004589EA /* MealCell.xib */,
				32F907D319342D2200163DEA /* MealOrderCell.h */,
				32F907D419342D2200163DEA /* MealOrderCell.m */,
				32F907D619342D3E00163DEA /* MealOrderCell.xib */,
				32A90A4F19359C380018DFB7 /* MealCategory.h */,
				32A90A5019359C380018DFB7 /* MealCategory.m */,
				32A90A5219359C470018DFB7 /* MealCategory.xib */,
			);
			name = Sections;
			sourceTree = "<group>";
		};
		3246F48C192B3FE70021B8F8 /* General */ = {
			isa = PBXGroup;
			children = (
				32A1D83219330F16004589EA /* Categories */,
				32A1D83119330F00004589EA /* Views */,
				32A1D83019330EC2004589EA /* Classes */,
			);
			name = General;
			sourceTree = "<group>";
		};
		3246F48D192B400E0021B8F8 /* Helpers */ = {
			isa = PBXGroup;
			children = (
				32BC17F2193479C90032AF52 /* PinyinHelper.h */,
				32BC17F3193479C90032AF52 /* PinyinHelper.m */,
			);
			name = Helpers;
			sourceTree = "<group>";
		};
		3246F48E192B402C0021B8F8 /* AppDelegate */ = {
			isa = PBXGroup;
			children = (
				3246F45E192B2A3F0021B8F8 /* AppDelegate.h */,
				3246F45F192B2A3F0021B8F8 /* AppDelegate.m */,
			);
			name = AppDelegate;
			sourceTree = "<group>";
		};
		3246F48F192B405C0021B8F8 /* Resource */ = {
			isa = PBXGroup;
			children = (
				3246F464192B2A3F0021B8F8 /* Images.xcassets */,
			);
			name = Resource;
			sourceTree = "<group>";
		};
		3246F490192B40C30021B8F8 /* XIB */ = {
			isa = PBXGroup;
			children = (
				3246F484192B2B0A0021B8F8 /* LayoutViewController.xib */,
			);
			name = XIB;
			sourceTree = "<group>";
		};
		329DA5E619343D79000FB9D5 /* Factory */ = {
			isa = PBXGroup;
			children = (
				329DA5E719343DC9000FB9D5 /* NITableViewCellFactory.h */,
				329DA5E819343DC9000FB9D5 /* NITableViewCellFactory.m */,
			);
			name = Factory;
			sourceTree = "<group>";
		};
		32A1D83019330EC2004589EA /* Classes */ = {
			isa = PBXGroup;
			children = (
				329F5FC41936FE62003ABE2A /* CustomPlaceHolderUIView.h */,
				329F5FC51936FE62003ABE2A /* CustomPlaceHolderUIView.m */,
			);
			name = Classes;
			sourceTree = "<group>";
		};
		32A1D83119330F00004589EA /* Views */ = {
			isa = PBXGroup;
			children = (
				321E92451936DAF5002891EA /* XIB */,
				3235F6641935D00400D5032C /* CashierView.h */,
				3235F6651935D00400D5032C /* CashierView.m */,
				321E923F1936C888002891EA /* KeyboardView.h */,
				321E92401936C888002891EA /* KeyboardView.m */,
			);
			name = Views;
			sourceTree = "<group>";
		};
		32A1D83219330F16004589EA /* Categories */ = {
			isa = PBXGroup;
			children = (
				32BC17F519349D520032AF52 /* NIMutableCollectionViewModel+Filter.h */,
				32BC17F619349D520032AF52 /* NIMutableCollectionViewModel+Filter.m */,
			);
			name = Categories;
			sourceTree = "<group>";
		};
		32BC17EB193475DB0032AF52 /* pinyin */ = {
			isa = PBXGroup;
			children = (
				32BC17EF193476350032AF52 /* pinyin.h */,
				32BC17F01934764C0032AF52 /* pinyin.c */,
			);
			name = pinyin;
			sourceTree = "<group>";
		};
/* End PBXGroup section */

/* Begin PBXNativeTarget section */
		3246F449192B2A3F0021B8F8 /* Pos_UI */ = {
			isa = PBXNativeTarget;
			buildConfigurationList = 3246F47C192B2A3F0021B8F8 /* Build configuration list for PBXNativeTarget "Pos_UI" */;
			buildPhases = (
				154E9B25F9574DFBB57B3746 /* Check Pods Manifest.lock */,
				3246F446192B2A3F0021B8F8 /* Sources */,
				3246F447192B2A3F0021B8F8 /* Frameworks */,
				3246F448192B2A3F0021B8F8 /* Resources */,
				ED866A093DF745FB8AC2C49C /* Copy Pods Resources */,
			);
			buildRules = (
			);
			dependencies = (
			);
			name = Pos_UI;
			productName = Pos_UI;
			productReference = 3246F44A192B2A3F0021B8F8 /* Pos_UI.app */;
			productType = "com.apple.product-type.application";
		};
		3246F469192B2A3F0021B8F8 /* Pos_UITests */ = {
			isa = PBXNativeTarget;
			buildConfigurationList = 3246F47F192B2A3F0021B8F8 /* Build configuration list for PBXNativeTarget "Pos_UITests" */;
			buildPhases = (
				3246F466192B2A3F0021B8F8 /* Sources */,
				3246F467192B2A3F0021B8F8 /* Frameworks */,
				3246F468192B2A3F0021B8F8 /* Resources */,
			);
			buildRules = (
			);
			dependencies = (
				3246F471192B2A3F0021B8F8 /* PBXTargetDependency */,
			);
			name = Pos_UITests;
			productName = Pos_UITests;
			productReference = 3246F46A192B2A3F0021B8F8 /* Pos_UITests.xctest */;
			productType = "com.apple.product-type.bundle.unit-test";
		};
/* End PBXNativeTarget section */

/* Begin PBXProject section */
		3246F442192B2A3F0021B8F8 /* Project object */ = {
			isa = PBXProject;
			attributes = {
				LastUpgradeCheck = 0510;
				ORGANIZATIONNAME = "周健";
				TargetAttributes = {
					3246F469192B2A3F0021B8F8 = {
						TestTargetID = 3246F449192B2A3F0021B8F8;
					};
				};
			};
			buildConfigurationList = 3246F445192B2A3F0021B8F8 /* Build configuration list for PBXProject "Pos_UI" */;
			compatibilityVersion = "Xcode 3.2";
			developmentRegion = English;
			hasScannedForEncodings = 0;
			knownRegions = (
				en,
			);
			mainGroup = 3246F441192B2A3F0021B8F8;
			productRefGroup = 3246F44B192B2A3F0021B8F8 /* Products */;
			projectDirPath = "";
			projectRoot = "";
			targets = (
				3246F449192B2A3F0021B8F8 /* Pos_UI */,
				3246F469192B2A3F0021B8F8 /* Pos_UITests */,
			);
		};
/* End PBXProject section */

/* Begin PBXResourcesBuildPhase section */
		3246F448192B2A3F0021B8F8 /* Resources */ = {
			isa = PBXResourcesBuildPhase;
			buildActionMask = 2147483647;
			files = (
				3246F49B192B9C1B0021B8F8 /* View.xib in Resources */,
				3246F486192B2B0A0021B8F8 /* LayoutViewController.xib in Resources */,
				32A90A5319359C470018DFB7 /* MealCategory.xib in Resources */,
				32A1D83719331135004589EA /* MealCell.xib in Resources */,
				32F907D719342D3E00163DEA /* MealOrderCell.xib in Resources */,
				3246F45A192B2A3F0021B8F8 /* InfoPlist.strings in Resources */,
				32FF558E1935C1D1002B3EA1 /* KeyboardView.xib in Resources */,
				328DFDE81935CBDF001EA850 /* CashierView.xib in Resources */,
				3246F465192B2A3F0021B8F8 /* Images.xcassets in Resources */,
			);
			runOnlyForDeploymentPostprocessing = 0;
		};
		3246F468192B2A3F0021B8F8 /* Resources */ = {
			isa = PBXResourcesBuildPhase;
			buildActionMask = 2147483647;
			files = (
				3246F477192B2A3F0021B8F8 /* InfoPlist.strings in Resources */,
			);
			runOnlyForDeploymentPostprocessing = 0;
		};
/* End PBXResourcesBuildPhase section */

/* Begin PBXShellScriptBuildPhase section */
		154E9B25F9574DFBB57B3746 /* Check Pods Manifest.lock */ = {
			isa = PBXShellScriptBuildPhase;
			buildActionMask = 2147483647;
			files = (
			);
			inputPaths = (
			);
			name = "Check Pods Manifest.lock";
			outputPaths = (
			);
			runOnlyForDeploymentPostprocessing = 0;
			shellPath = /bin/sh;
			shellScript = "diff \"${PODS_ROOT}/../Podfile.lock\" \"${PODS_ROOT}/Manifest.lock\" > /dev/null\nif [[ $? != 0 ]] ; then\n    cat << EOM\nerror: The sandbox is not in sync with the Podfile.lock. Run 'pod install' or update your CocoaPods installation.\nEOM\n    exit 1\nfi\n";
			showEnvVarsInLog = 0;
		};
		ED866A093DF745FB8AC2C49C /* Copy Pods Resources */ = {
			isa = PBXShellScriptBuildPhase;
			buildActionMask = 2147483647;
			files = (
			);
			inputPaths = (
			);
			name = "Copy Pods Resources";
			outputPaths = (
			);
			runOnlyForDeploymentPostprocessing = 0;
			shellPath = /bin/sh;
			shellScript = "\"${SRCROOT}/Pods/Pods-resources.sh\"\n";
			showEnvVarsInLog = 0;
		};
/* End PBXShellScriptBuildPhase section */

/* Begin PBXSourcesBuildPhase section */
		3246F446192B2A3F0021B8F8 /* Sources */ = {
			isa = PBXSourcesBuildPhase;
			buildActionMask = 2147483647;
			files = (
				32BC17F4193479C90032AF52 /* PinyinHelper.m in Sources */,
				329F5FCC19371DA1003ABE2A /* MealOrderBill.m in Sources */,
				32BC17F11934764C0032AF52 /* pinyin.c in Sources */,
				3246F460192B2A3F0021B8F8 /* AppDelegate.m in Sources */,
				32A90A5119359C380018DFB7 /* MealCategory.m in Sources */,
				32F907D519342D2200163DEA /* MealOrderCell.m in Sources */,
				32BC17F719349D520032AF52 /* NIMutableCollectionViewModel+Filter.m in Sources */,
				3235F6661935D00400D5032C /* CashierView.m in Sources */,
				32A1D8351933111E004589EA /* MealCell.m in Sources */,
				3246F463192B2A3F0021B8F8 /* Pos_UI.xcdatamodeld in Sources */,
				329DA5E919343DC9000FB9D5 /* NITableViewCellFactory.m in Sources */,
				321E92411936C888002891EA /* KeyboardView.m in Sources */,
				329F5FC61936FE62003ABE2A /* CustomPlaceHolderUIView.m in Sources */,
				3246F485192B2B0A0021B8F8 /* LayoutViewController.m in Sources */,
				3246F45C192B2A3F0021B8F8 /* main.m in Sources */,
			);
			runOnlyForDeploymentPostprocessing = 0;
		};
		3246F466192B2A3F0021B8F8 /* Sources */ = {
			isa = PBXSourcesBuildPhase;
			buildActionMask = 2147483647;
			files = (
				3246F479192B2A3F0021B8F8 /* Pos_UITests.m in Sources */,
			);
			runOnlyForDeploymentPostprocessing = 0;
		};
/* End PBXSourcesBuildPhase section */

/* Begin PBXTargetDependency section */
		3246F471192B2A3F0021B8F8 /* PBXTargetDependency */ = {
			isa = PBXTargetDependency;
			target = 3246F449192B2A3F0021B8F8 /* Pos_UI */;
			targetProxy = 3246F470192B2A3F0021B8F8 /* PBXContainerItemProxy */;
		};
/* End PBXTargetDependency section */

/* Begin PBXVariantGroup section */
		3246F458192B2A3F0021B8F8 /* InfoPlist.strings */ = {
			isa = PBXVariantGroup;
			children = (
				3246F459192B2A3F0021B8F8 /* en */,
			);
			name = InfoPlist.strings;
			sourceTree = "<group>";
		};
		3246F475192B2A3F0021B8F8 /* InfoPlist.strings */ = {
			isa = PBXVariantGroup;
			children = (
				3246F476192B2A3F0021B8F8 /* en */,
			);
			name = InfoPlist.strings;
			sourceTree = "<group>";
		};
/* End PBXVariantGroup section */

/* Begin XCBuildConfiguration section */
		3246F47A192B2A3F0021B8F8 /* Debug */ = {
			isa = XCBuildConfiguration;
			buildSettings = {
				ALWAYS_SEARCH_USER_PATHS = NO;
				CLANG_CXX_LANGUAGE_STANDARD = "gnu++0x";
				CLANG_CXX_LIBRARY = "libc++";
				CLANG_ENABLE_MODULES = YES;
				CLANG_ENABLE_OBJC_ARC = YES;
				CLANG_WARN_BOOL_CONVERSION = YES;
				CLANG_WARN_CONSTANT_CONVERSION = YES;
				CLANG_WARN_DIRECT_OBJC_ISA_USAGE = YES_ERROR;
				CLANG_WARN_EMPTY_BODY = YES;
				CLANG_WARN_ENUM_CONVERSION = YES;
				CLANG_WARN_INT_CONVERSION = YES;
				CLANG_WARN_OBJC_ROOT_CLASS = YES_ERROR;
				CLANG_WARN__DUPLICATE_METHOD_MATCH = YES;
				"CODE_SIGN_IDENTITY[sdk=iphoneos*]" = "iPhone Developer";
				COPY_PHASE_STRIP = NO;
				GCC_C_LANGUAGE_STANDARD = gnu99;
				GCC_DYNAMIC_NO_PIC = NO;
				GCC_OPTIMIZATION_LEVEL = 0;
				GCC_PREPROCESSOR_DEFINITIONS = (
					"DEBUG=1",
					"$(inherited)",
				);
				GCC_SYMBOLS_PRIVATE_EXTERN = NO;
				GCC_WARN_64_TO_32_BIT_CONVERSION = YES;
				GCC_WARN_ABOUT_RETURN_TYPE = YES_ERROR;
				GCC_WARN_UNDECLARED_SELECTOR = YES;
				GCC_WARN_UNINITIALIZED_AUTOS = YES_AGGRESSIVE;
				GCC_WARN_UNUSED_FUNCTION = YES;
				GCC_WARN_UNUSED_VARIABLE = YES;
				IPHONEOS_DEPLOYMENT_TARGET = 7.1;
				ONLY_ACTIVE_ARCH = YES;
				SDKROOT = iphoneos;
				TARGETED_DEVICE_FAMILY = 2;
			};
			name = Debug;
		};
		3246F47B192B2A3F0021B8F8 /* Release */ = {
			isa = XCBuildConfiguration;
			buildSettings = {
				ALWAYS_SEARCH_USER_PATHS = NO;
				CLANG_CXX_LANGUAGE_STANDARD = "gnu++0x";
				CLANG_CXX_LIBRARY = "libc++";
				CLANG_ENABLE_MODULES = YES;
				CLANG_ENABLE_OBJC_ARC = YES;
				CLANG_WARN_BOOL_CONVERSION = YES;
				CLANG_WARN_CONSTANT_CONVERSION = YES;
				CLANG_WARN_DIRECT_OBJC_ISA_USAGE = YES_ERROR;
				CLANG_WARN_EMPTY_BODY = YES;
				CLANG_WARN_ENUM_CONVERSION = YES;
				CLANG_WARN_INT_CONVERSION = YES;
				CLANG_WARN_OBJC_ROOT_CLASS = YES_ERROR;
				CLANG_WARN__DUPLICATE_METHOD_MATCH = YES;
				"CODE_SIGN_IDENTITY[sdk=iphoneos*]" = "iPhone Developer";
				COPY_PHASE_STRIP = YES;
				ENABLE_NS_ASSERTIONS = NO;
				GCC_C_LANGUAGE_STANDARD = gnu99;
				GCC_WARN_64_TO_32_BIT_CONVERSION = YES;
				GCC_WARN_ABOUT_RETURN_TYPE = YES_ERROR;
				GCC_WARN_UNDECLARED_SELECTOR = YES;
				GCC_WARN_UNINITIALIZED_AUTOS = YES_AGGRESSIVE;
				GCC_WARN_UNUSED_FUNCTION = YES;
				GCC_WARN_UNUSED_VARIABLE = YES;
				IPHONEOS_DEPLOYMENT_TARGET = 7.1;
				SDKROOT = iphoneos;
				TARGETED_DEVICE_FAMILY = 2;
				VALIDATE_PRODUCT = YES;
			};
			name = Release;
		};
		3246F47D192B2A3F0021B8F8 /* Debug */ = {
			isa = XCBuildConfiguration;
			baseConfigurationReference = F723B97F727C4E54A3793183 /* Pods.xcconfig */;
			buildSettings = {
				ASSETCATALOG_COMPILER_APPICON_NAME = AppIcon;
				ASSETCATALOG_COMPILER_LAUNCHIMAGE_NAME = LaunchImage;
				GCC_PRECOMPILE_PREFIX_HEADER = YES;
				GCC_PREFIX_HEADER = "Pos_UI/Pos_UI-Prefix.pch";
				INFOPLIST_FILE = "Pos_UI/Pos_UI-Info.plist";
				PRODUCT_NAME = "$(TARGET_NAME)";
				USER_HEADER_SEARCH_PATHS = "${SRCROOT}/**";
				WRAPPER_EXTENSION = app;
			};
			name = Debug;
		};
		3246F47E192B2A3F0021B8F8 /* Release */ = {
			isa = XCBuildConfiguration;
			baseConfigurationReference = F723B97F727C4E54A3793183 /* Pods.xcconfig */;
			buildSettings = {
				ASSETCATALOG_COMPILER_APPICON_NAME = AppIcon;
				ASSETCATALOG_COMPILER_LAUNCHIMAGE_NAME = LaunchImage;
				GCC_PRECOMPILE_PREFIX_HEADER = YES;
				GCC_PREFIX_HEADER = "Pos_UI/Pos_UI-Prefix.pch";
				INFOPLIST_FILE = "Pos_UI/Pos_UI-Info.plist";
				PRODUCT_NAME = "$(TARGET_NAME)";
				USER_HEADER_SEARCH_PATHS = "${SRCROOT}/**";
				WRAPPER_EXTENSION = app;
			};
			name = Release;
		};
		3246F480192B2A3F0021B8F8 /* Debug */ = {
			isa = XCBuildConfiguration;
			buildSettings = {
				BUNDLE_LOADER = "$(BUILT_PRODUCTS_DIR)/Pos_UI.app/Pos_UI";
				FRAMEWORK_SEARCH_PATHS = (
					"$(SDKROOT)/Developer/Library/Frameworks",
					"$(inherited)",
					"$(DEVELOPER_FRAMEWORKS_DIR)",
				);
				GCC_PRECOMPILE_PREFIX_HEADER = YES;
				GCC_PREFIX_HEADER = "Pos_UI/Pos_UI-Prefix.pch";
				GCC_PREPROCESSOR_DEFINITIONS = (
					"DEBUG=1",
					"$(inherited)",
				);
				INFOPLIST_FILE = "Pos_UITests/Pos_UITests-Info.plist";
				PRODUCT_NAME = "$(TARGET_NAME)";
				TEST_HOST = "$(BUNDLE_LOADER)";
				WRAPPER_EXTENSION = xctest;
			};
			name = Debug;
		};
		3246F481192B2A3F0021B8F8 /* Release */ = {
			isa = XCBuildConfiguration;
			buildSettings = {
				BUNDLE_LOADER = "$(BUILT_PRODUCTS_DIR)/Pos_UI.app/Pos_UI";
				FRAMEWORK_SEARCH_PATHS = (
					"$(SDKROOT)/Developer/Library/Frameworks",
					"$(inherited)",
					"$(DEVELOPER_FRAMEWORKS_DIR)",
				);
				GCC_PRECOMPILE_PREFIX_HEADER = YES;
				GCC_PREFIX_HEADER = "Pos_UI/Pos_UI-Prefix.pch";
				INFOPLIST_FILE = "Pos_UITests/Pos_UITests-Info.plist";
				PRODUCT_NAME = "$(TARGET_NAME)";
				TEST_HOST = "$(BUNDLE_LOADER)";
				WRAPPER_EXTENSION = xctest;
			};
			name = Release;
		};
/* End XCBuildConfiguration section */

/* Begin XCConfigurationList section */
		3246F445192B2A3F0021B8F8 /* Build configuration list for PBXProject "Pos_UI" */ = {
			isa = XCConfigurationList;
			buildConfigurations = (
				3246F47A192B2A3F0021B8F8 /* Debug */,
				3246F47B192B2A3F0021B8F8 /* Release */,
			);
			defaultConfigurationIsVisible = 0;
			defaultConfigurationName = Release;
		};
		3246F47C192B2A3F0021B8F8 /* Build configuration list for PBXNativeTarget "Pos_UI" */ = {
			isa = XCConfigurationList;
			buildConfigurations = (
				3246F47D192B2A3F0021B8F8 /* Debug */,
				3246F47E192B2A3F0021B8F8 /* Release */,
			);
			defaultConfigurationIsVisible = 0;
			defaultConfigurationName = Release;
		};
		3246F47F192B2A3F0021B8F8 /* Build configuration list for PBXNativeTarget "Pos_UITests" */ = {
			isa = XCConfigurationList;
			buildConfigurations = (
				3246F480192B2A3F0021B8F8 /* Debug */,
				3246F481192B2A3F0021B8F8 /* Release */,
			);
			defaultConfigurationIsVisible = 0;
			defaultConfigurationName = Release;
		};
/* End XCConfigurationList section */

/* Begin XCVersionGroup section */
		3246F461192B2A3F0021B8F8 /* Pos_UI.xcdatamodeld */ = {
			isa = XCVersionGroup;
			children = (
				3246F462192B2A3F0021B8F8 /* Pos_UI.xcdatamodel */,
			);
			currentVersion = 3246F462192B2A3F0021B8F8 /* Pos_UI.xcdatamodel */;
			path = Pos_UI.xcdatamodeld;
			sourceTree = "<group>";
			versionGroupType = wrapper.xcdatamodel;
		};
/* End XCVersionGroup section */
	};
	rootObject = 3246F442192B2A3F0021B8F8 /* Project object */;
}
